<Solution>
  <Folder Name="/samples/">
    <Project Path="samples/ArxDb.Demo/ArxDb.Demo.csproj" />
  </Folder>
  <Folder Name="/src/">
    <Project Path="src/ArxDb/ArxDb.csproj" />
  </Folder>
  <Folder Name="/tests/">
    <Project Path="tests/ArxDb.Tests/ArxDb.Tests.csproj" />
  </Folder>
</Solution>
