<Solution>
  <Folder Name="/samples/">
    <Project Path="samples/NyxilumDb.Demo/NyxilumDb.Demo.csproj" />
  </Folder>
  <Folder Name="/src/">
    <Project Path="src/NyxilumDb/NyxilumDb.csproj" />
  </Folder>
  <Folder Name="/tests/">
    <Project Path="tests/NyxilumDb.Tests/NyxilumDb.Tests.csproj" />
  </Folder>
</Solution>
